
Microsoft Visual Studio Solution File, Format Version 12.00
# Visual Studio Version 17
VisualStudioVersion = 17.6.33801.468
MinimumVisualStudioVersion = 10.0.40219.1
Project("{9A19103F-16F7-4668-BE54-9A1E7A4F7556}") = "labrunner", "labrunner\labrunner.csproj", "{C4723073-9E1F-4DD2-929C-0624E627379E}"
EndProject
Project("{FAE04EC0-301F-11D3-BF4B-00C04F79EFBC}") = "dotnettool", "dotnettool\dotnettool.csproj", "{8FAFC2AC-CDF5-4BB4-BF00-3B36991E7A90}"
EndProject
Global
	GlobalSection(SolutionConfigurationPlatforms) = preSolution
		Debug|Any CPU = Debug|Any CPU
		Release|Any CPU = Release|Any CPU
	EndGlobalSection
	GlobalSection(ProjectConfigurationPlatforms) = postSolution
		{C4723073-9E1F-4DD2-929C-0624E627379E}.Debug|Any CPU.ActiveCfg = Debug|Any CPU
		{C4723073-9E1F-4DD2-929C-0624E627379E}.Debug|Any CPU.Build.0 = Debug|Any CPU
		{C4723073-9E1F-4DD2-929C-0624E627379E}.Release|Any CPU.ActiveCfg = Release|Any CPU
		{C4723073-9E1F-4DD2-929C-0624E627379E}.Release|Any CPU.Build.0 = Release|Any CPU
		{8FAFC2AC-CDF5-4BB4-BF00-3B36991E7A90}.Debug|Any CPU.ActiveCfg = Debug|Any CPU
		{8FAFC2AC-CDF5-4BB4-BF00-3B36991E7A90}.Debug|Any CPU.Build.0 = Debug|Any CPU
		{8FAFC2AC-CDF5-4BB4-BF00-3B36991E7A90}.Release|Any CPU.ActiveCfg = Release|Any CPU
		{8FAFC2AC-CDF5-4BB4-BF00-3B36991E7A90}.Release|Any CPU.Build.0 = Release|Any CPU
	EndGlobalSection
	GlobalSection(SolutionProperties) = preSolution
		HideSolutionNode = FALSE
	EndGlobalSection
	GlobalSection(ExtensibilityGlobals) = postSolution
		SolutionGuid = {570D481E-102E-4B46-AAA1-1ABF78D053C8}
	EndGlobalSection
EndGlobal
